
Microsoft Visual Studio Solution File, Format Version 12.00
# Visual Studio Version 17
VisualStudioVersion = 17.5.33414.496
MinimumVisualStudioVersion = 10.0.40219.1
Project("{FAE04EC0-301F-11D3-BF4B-00C04F79EFBC}") = "SmartAc.Domain", "SmartAc.Domain\SmartAc.Domain.csproj", "{1AD859D0-5B27-433C-9125-B34AF3A84DCF}"
EndProject
Project("{FAE04EC0-301F-11D3-BF4B-00C04F79EFBC}") = "SmartAc.Application", "SmartAc.Application\SmartAc.Application.csproj", "{1CAF91F8-0F75-4F66-970B-98AEE1D9FEF7}"
EndProject
Project("{FAE04EC0-301F-11D3-BF4B-00C04F79EFBC}") = "SmartAc.Infrastructure", "SmartAc.Infrastructure\SmartAc.Infrastructure.csproj", "{400496E8-733C-4CC7-8051-452F6D32AC98}"
EndProject
Project("{FAE04EC0-301F-11D3-BF4B-00C04F79EFBC}") = "SmartAc.API", "SmartAc.API\SmartAc.API.csproj", "{D4A4DC2A-32D9-4B08-823E-BE4ADE84E419}"
EndProject
Global
	GlobalSection(SolutionConfigurationPlatforms) = preSolution
		Debug|Any CPU = Debug|Any CPU
		Release|Any CPU = Release|Any CPU
	EndGlobalSection
	GlobalSection(ProjectConfigurationPlatforms) = postSolution
		{1AD859D0-5B27-433C-9125-B34AF3A84DCF}.Debug|Any CPU.ActiveCfg = Debug|Any CPU
		{1AD859D0-5B27-433C-9125-B34AF3A84DCF}.Debug|Any CPU.Build.0 = Debug|Any CPU
		{1AD859D0-5B27-433C-9125-B34AF3A84DCF}.Release|Any CPU.ActiveCfg = Release|Any CPU
		{1AD859D0-5B27-433C-9125-B34AF3A84DCF}.Release|Any CPU.Build.0 = Release|Any CPU
		{1CAF91F8-0F75-4F66-970B-98AEE1D9FEF7}.Debug|Any CPU.ActiveCfg = Debug|Any CPU
		{1CAF91F8-0F75-4F66-970B-98AEE1D9FEF7}.Debug|Any CPU.Build.0 = Debug|Any CPU
		{1CAF91F8-0F75-4F66-970B-98AEE1D9FEF7}.Release|Any CPU.ActiveCfg = Release|Any CPU
		{1CAF91F8-0F75-4F66-970B-98AEE1D9FEF7}.Release|Any CPU.Build.0 = Release|Any CPU
		{400496E8-733C-4CC7-8051-452F6D32AC98}.Debug|Any CPU.ActiveCfg = Debug|Any CPU
		{400496E8-733C-4CC7-8051-452F6D32AC98}.Debug|Any CPU.Build.0 = Debug|Any CPU
		{400496E8-733C-4CC7-8051-452F6D32AC98}.Release|Any CPU.ActiveCfg = Release|Any CPU
		{400496E8-733C-4CC7-8051-452F6D32AC98}.Release|Any CPU.Build.0 = Release|Any CPU
		{D4A4DC2A-32D9-4B08-823E-BE4ADE84E419}.Debug|Any CPU.ActiveCfg = Debug|Any CPU
		{D4A4DC2A-32D9-4B08-823E-BE4ADE84E419}.Debug|Any CPU.Build.0 = Debug|Any CPU
		{D4A4DC2A-32D9-4B08-823E-BE4ADE84E419}.Release|Any CPU.ActiveCfg = Release|Any CPU
		{D4A4DC2A-32D9-4B08-823E-BE4ADE84E419}.Release|Any CPU.Build.0 = Release|Any CPU
	EndGlobalSection
	GlobalSection(SolutionProperties) = preSolution
		HideSolutionNode = FALSE
	EndGlobalSection
	GlobalSection(ExtensibilityGlobals) = postSolution
		SolutionGuid = {9DA518EF-8F7D-4AFC-89BA-EA3E3227C416}
	EndGlobalSection
EndGlobal
